
Microsoft Visual Studio Solution File, Format Version 12.00
# Visual Studio Version 17
VisualStudioVersion = 17.12.35707.178
MinimumVisualStudioVersion = 10.0.40219.1
Project("{FAE04EC0-301F-11D3-BF4B-00C04F79EFBC}") = "RetoTecnico.Dominio", "RetoTecnico.Dominio\RetoTecnico.Dominio.csproj", "{2DCB913D-0AA3-4988-85FB-04987E91CF57}"
EndProject
Project("{FAE04EC0-301F-11D3-BF4B-00C04F79EFBC}") = "RetoTecnico.Infraestructura.PostgreSql", "RetoTecnico.Infraestructura.PostgreSql\RetoTecnico.Infraestructura.PostgreSql.csproj", "{5DA4EA29-55B0-4A1C-BD1B-388F61C0FE01}"
EndProject
Project("{FAE04EC0-301F-11D3-BF4B-00C04F79EFBC}") = "RetoTecnico.Infraestructura.Kafka", "RetoTecnico.Infraestructura.Kafka\RetoTecnico.Infraestructura.Kafka.csproj", "{2E761AFD-ADD5-4CB0-860B-6FABA1C4B5FF}"
EndProject
Project("{FAE04EC0-301F-11D3-BF4B-00C04F79EFBC}") = "RetoTecnico.Infraestructura.TransactionAPI", "RetoTecnico.Infraestructura.TransactionAPI\RetoTecnico.Infraestructura.TransactionAPI.csproj", "{0879429D-5FEE-44BB-892A-8ABB223AF61B}"
EndProject
Project("{FAE04EC0-301F-11D3-BF4B-00C04F79EFBC}") = "RetoTecnico.Infraestructura.AntiFraudAPI", "RetoTecnico.Infraestructura.AntiFraudAPI\RetoTecnico.Infraestructura.AntiFraudAPI.csproj", "{5BB5D9D9-1FD7-44FD-861B-10354D57AC0A}"
EndProject
Project("{FAE04EC0-301F-11D3-BF4B-00C04F79EFBC}") = "RetoTecnico.Aplicacion", "RetoTecnico.Aplicacion\RetoTecnico.Aplicacion.csproj", "{27194C3D-8868-4F2F-B2AA-4F36E4BF6ED4}"
EndProject
Project("{2150E333-8FDC-42A3-9474-1A3956D46DE8}") = "Testing", "Testing", "{02EA681E-C7D8-13C7-8484-4AC65E1B71E8}"
EndProject
Project("{FAE04EC0-301F-11D3-BF4B-00C04F79EFBC}") = "RetoTecnico.Aplicacion.Test", "RetoTecnico.Aplicacion.Test\RetoTecnico.Aplicacion.Test.csproj", "{2BB2791F-3199-4BB6-8DBF-41AE5BCB595A}"
EndProject
Project("{FAE04EC0-301F-11D3-BF4B-00C04F79EFBC}") = "RetoTecnico.Infraestructura.TransactionAPITest", "RetoTecnico.Infraestructura.TransactionAPITest\RetoTecnico.Infraestructura.TransactionAPITest.csproj", "{EB8B513A-CD62-4BDB-ADF9-8AA79994A274}"
EndProject
Project("{FAE04EC0-301F-11D3-BF4B-00C04F79EFBC}") = "RetoTecnico.Common.Test", "RetoTecnico.Common.Test\RetoTecnico.Common.Test.csproj", "{B06FBE56-6F7D-4211-8183-86E3AC0D3E8E}"
EndProject
Global
	GlobalSection(SolutionConfigurationPlatforms) = preSolution
		Debug|Any CPU = Debug|Any CPU
		Release|Any CPU = Release|Any CPU
	EndGlobalSection
	GlobalSection(ProjectConfigurationPlatforms) = postSolution
		{2DCB913D-0AA3-4988-85FB-04987E91CF57}.Debug|Any CPU.ActiveCfg = Debug|Any CPU
		{2DCB913D-0AA3-4988-85FB-04987E91CF57}.Debug|Any CPU.Build.0 = Debug|Any CPU
		{2DCB913D-0AA3-4988-85FB-04987E91CF57}.Release|Any CPU.ActiveCfg = Release|Any CPU
		{2DCB913D-0AA3-4988-85FB-04987E91CF57}.Release|Any CPU.Build.0 = Release|Any CPU
		{5DA4EA29-55B0-4A1C-BD1B-388F61C0FE01}.Debug|Any CPU.ActiveCfg = Debug|Any CPU
		{5DA4EA29-55B0-4A1C-BD1B-388F61C0FE01}.Debug|Any CPU.Build.0 = Debug|Any CPU
		{5DA4EA29-55B0-4A1C-BD1B-388F61C0FE01}.Release|Any CPU.ActiveCfg = Release|Any CPU
		{5DA4EA29-55B0-4A1C-BD1B-388F61C0FE01}.Release|Any CPU.Build.0 = Release|Any CPU
		{2E761AFD-ADD5-4CB0-860B-6FABA1C4B5FF}.Debug|Any CPU.ActiveCfg = Debug|Any CPU
		{2E761AFD-ADD5-4CB0-860B-6FABA1C4B5FF}.Debug|Any CPU.Build.0 = Debug|Any CPU
		{2E761AFD-ADD5-4CB0-860B-6FABA1C4B5FF}.Release|Any CPU.ActiveCfg = Release|Any CPU
		{2E761AFD-ADD5-4CB0-860B-6FABA1C4B5FF}.Release|Any CPU.Build.0 = Release|Any CPU
		{0879429D-5FEE-44BB-892A-8ABB223AF61B}.Debug|Any CPU.ActiveCfg = Debug|Any CPU
		{0879429D-5FEE-44BB-892A-8ABB223AF61B}.Debug|Any CPU.Build.0 = Debug|Any CPU
		{0879429D-5FEE-44BB-892A-8ABB223AF61B}.Release|Any CPU.ActiveCfg = Release|Any CPU
		{0879429D-5FEE-44BB-892A-8ABB223AF61B}.Release|Any CPU.Build.0 = Release|Any CPU
		{5BB5D9D9-1FD7-44FD-861B-10354D57AC0A}.Debug|Any CPU.ActiveCfg = Debug|Any CPU
		{5BB5D9D9-1FD7-44FD-861B-10354D57AC0A}.Debug|Any CPU.Build.0 = Debug|Any CPU
		{5BB5D9D9-1FD7-44FD-861B-10354D57AC0A}.Release|Any CPU.ActiveCfg = Release|Any CPU
		{5BB5D9D9-1FD7-44FD-861B-10354D57AC0A}.Release|Any CPU.Build.0 = Release|Any CPU
		{27194C3D-8868-4F2F-B2AA-4F36E4BF6ED4}.Debug|Any CPU.ActiveCfg = Debug|Any CPU
		{27194C3D-8868-4F2F-B2AA-4F36E4BF6ED4}.Debug|Any CPU.Build.0 = Debug|Any CPU
		{27194C3D-8868-4F2F-B2AA-4F36E4BF6ED4}.Release|Any CPU.ActiveCfg = Release|Any CPU
		{27194C3D-8868-4F2F-B2AA-4F36E4BF6ED4}.Release|Any CPU.Build.0 = Release|Any CPU
		{2BB2791F-3199-4BB6-8DBF-41AE5BCB595A}.Debug|Any CPU.ActiveCfg = Debug|Any CPU
		{2BB2791F-3199-4BB6-8DBF-41AE5BCB595A}.Debug|Any CPU.Build.0 = Debug|Any CPU
		{2BB2791F-3199-4BB6-8DBF-41AE5BCB595A}.Release|Any CPU.ActiveCfg = Release|Any CPU
		{2BB2791F-3199-4BB6-8DBF-41AE5BCB595A}.Release|Any CPU.Build.0 = Release|Any CPU
		{EB8B513A-CD62-4BDB-ADF9-8AA79994A274}.Debug|Any CPU.ActiveCfg = Debug|Any CPU
		{EB8B513A-CD62-4BDB-ADF9-8AA79994A274}.Debug|Any CPU.Build.0 = Debug|Any CPU
		{EB8B513A-CD62-4BDB-ADF9-8AA79994A274}.Release|Any CPU.ActiveCfg = Release|Any CPU
		{EB8B513A-CD62-4BDB-ADF9-8AA79994A274}.Release|Any CPU.Build.0 = Release|Any CPU
		{B06FBE56-6F7D-4211-8183-86E3AC0D3E8E}.Debug|Any CPU.ActiveCfg = Debug|Any CPU
		{B06FBE56-6F7D-4211-8183-86E3AC0D3E8E}.Debug|Any CPU.Build.0 = Debug|Any CPU
		{B06FBE56-6F7D-4211-8183-86E3AC0D3E8E}.Release|Any CPU.ActiveCfg = Release|Any CPU
		{B06FBE56-6F7D-4211-8183-86E3AC0D3E8E}.Release|Any CPU.Build.0 = Release|Any CPU
	EndGlobalSection
	GlobalSection(SolutionProperties) = preSolution
		HideSolutionNode = FALSE
	EndGlobalSection
	GlobalSection(NestedProjects) = preSolution
		{2BB2791F-3199-4BB6-8DBF-41AE5BCB595A} = {02EA681E-C7D8-13C7-8484-4AC65E1B71E8}
		{EB8B513A-CD62-4BDB-ADF9-8AA79994A274} = {02EA681E-C7D8-13C7-8484-4AC65E1B71E8}
		{B06FBE56-6F7D-4211-8183-86E3AC0D3E8E} = {02EA681E-C7D8-13C7-8484-4AC65E1B71E8}
	EndGlobalSection
	GlobalSection(ExtensibilityGlobals) = postSolution
		SolutionGuid = {BC831DD8-1F8F-42A8-B061-082531E520D7}
	EndGlobalSection
EndGlobal
