
Microsoft Visual Studio Solution File, Format Version 12.00
# Visual Studio Version 17
VisualStudioVersion = 17.12.35707.178
MinimumVisualStudioVersion = 10.0.40219.1
Project("{FAE04EC0-301F-11D3-BF4B-00C04F79EFBC}") = "RetoTecnico.Dominio", "RetoTecnico.Dominio\RetoTecnico.Dominio.csproj", "{2DCB913D-0AA3-4988-85FB-04987E91CF57}"
EndProject
Project("{FAE04EC0-301F-11D3-BF4B-00C04F79EFBC}") = "RetoTecnico.Infraestructura.PostgreSql", "RetoTecnico.Infraestructura.PostgreSql\RetoTecnico.Infraestructura.PostgreSql.csproj", "{5DA4EA29-55B0-4A1C-BD1B-388F61C0FE01}"
EndProject
Project("{FAE04EC0-301F-11D3-BF4B-00C04F79EFBC}") = "RetoTecnico.Infraestructura.Kafka", "RetoTecnico.Infraestructura.Kafka\RetoTecnico.Infraestructura.Kafka.csproj", "{2E761AFD-ADD5-4CB0-860B-6FABA1C4B5FF}"
EndProject
Project("{FAE04EC0-301F-11D3-BF4B-00C04F79EFBC}") = "RetoTecnico.Aplicacion.AntiFraud", "RetoTecnico.Aplicacion.AntiFraud\RetoTecnico.Aplicacion.AntiFraud.csproj", "{0573BDC0-D4C3-4BB3-B146-9DC40A978D37}"
EndProject
Project("{FAE04EC0-301F-11D3-BF4B-00C04F79EFBC}") = "RetoTecnico.Aplicacion.Transaction", "RetoTecnico.Aplicacion.Transaction\RetoTecnico.Aplicacion.Transaction.csproj", "{6672E1BE-816D-4B0F-A10C-3444A319DF7D}"
EndProject
Project("{FAE04EC0-301F-11D3-BF4B-00C04F79EFBC}") = "RetoTecnico.Infraestructura.TransactionAPI", "RetoTecnico.Infraestructura.TransactionAPI\RetoTecnico.Infraestructura.TransactionAPI.csproj", "{0879429D-5FEE-44BB-892A-8ABB223AF61B}"
EndProject
Project("{FAE04EC0-301F-11D3-BF4B-00C04F79EFBC}") = "RetoTecnico.Infraestructura.AntiFraudAPI", "RetoTecnico.Infraestructura.AntiFraudAPI\RetoTecnico.Infraestructura.AntiFraudAPI.csproj", "{5BB5D9D9-1FD7-44FD-861B-10354D57AC0A}"
EndProject
Project("{FAE04EC0-301F-11D3-BF4B-00C04F79EFBC}") = "RetoTecnico.Aplicacion.Common", "RetoTecnico.Aplicacion.Common\RetoTecnico.Aplicacion.Common.csproj", "{70ECB450-B740-4226-A145-F19CE9B73DC9}"
EndProject
Global
	GlobalSection(SolutionConfigurationPlatforms) = preSolution
		Debug|Any CPU = Debug|Any CPU
		Release|Any CPU = Release|Any CPU
	EndGlobalSection
	GlobalSection(ProjectConfigurationPlatforms) = postSolution
		{2DCB913D-0AA3-4988-85FB-04987E91CF57}.Debug|Any CPU.ActiveCfg = Debug|Any CPU
		{2DCB913D-0AA3-4988-85FB-04987E91CF57}.Debug|Any CPU.Build.0 = Debug|Any CPU
		{2DCB913D-0AA3-4988-85FB-04987E91CF57}.Release|Any CPU.ActiveCfg = Release|Any CPU
		{2DCB913D-0AA3-4988-85FB-04987E91CF57}.Release|Any CPU.Build.0 = Release|Any CPU
		{5DA4EA29-55B0-4A1C-BD1B-388F61C0FE01}.Debug|Any CPU.ActiveCfg = Debug|Any CPU
		{5DA4EA29-55B0-4A1C-BD1B-388F61C0FE01}.Debug|Any CPU.Build.0 = Debug|Any CPU
		{5DA4EA29-55B0-4A1C-BD1B-388F61C0FE01}.Release|Any CPU.ActiveCfg = Release|Any CPU
		{5DA4EA29-55B0-4A1C-BD1B-388F61C0FE01}.Release|Any CPU.Build.0 = Release|Any CPU
		{2E761AFD-ADD5-4CB0-860B-6FABA1C4B5FF}.Debug|Any CPU.ActiveCfg = Debug|Any CPU
		{2E761AFD-ADD5-4CB0-860B-6FABA1C4B5FF}.Debug|Any CPU.Build.0 = Debug|Any CPU
		{2E761AFD-ADD5-4CB0-860B-6FABA1C4B5FF}.Release|Any CPU.ActiveCfg = Release|Any CPU
		{2E761AFD-ADD5-4CB0-860B-6FABA1C4B5FF}.Release|Any CPU.Build.0 = Release|Any CPU
		{0573BDC0-D4C3-4BB3-B146-9DC40A978D37}.Debug|Any CPU.ActiveCfg = Debug|Any CPU
		{0573BDC0-D4C3-4BB3-B146-9DC40A978D37}.Debug|Any CPU.Build.0 = Debug|Any CPU
		{0573BDC0-D4C3-4BB3-B146-9DC40A978D37}.Release|Any CPU.ActiveCfg = Release|Any CPU
		{0573BDC0-D4C3-4BB3-B146-9DC40A978D37}.Release|Any CPU.Build.0 = Release|Any CPU
		{6672E1BE-816D-4B0F-A10C-3444A319DF7D}.Debug|Any CPU.ActiveCfg = Debug|Any CPU
		{6672E1BE-816D-4B0F-A10C-3444A319DF7D}.Debug|Any CPU.Build.0 = Debug|Any CPU
		{6672E1BE-816D-4B0F-A10C-3444A319DF7D}.Release|Any CPU.ActiveCfg = Release|Any CPU
		{6672E1BE-816D-4B0F-A10C-3444A319DF7D}.Release|Any CPU.Build.0 = Release|Any CPU
		{0879429D-5FEE-44BB-892A-8ABB223AF61B}.Debug|Any CPU.ActiveCfg = Debug|Any CPU
		{0879429D-5FEE-44BB-892A-8ABB223AF61B}.Debug|Any CPU.Build.0 = Debug|Any CPU
		{0879429D-5FEE-44BB-892A-8ABB223AF61B}.Release|Any CPU.ActiveCfg = Release|Any CPU
		{0879429D-5FEE-44BB-892A-8ABB223AF61B}.Release|Any CPU.Build.0 = Release|Any CPU
		{5BB5D9D9-1FD7-44FD-861B-10354D57AC0A}.Debug|Any CPU.ActiveCfg = Debug|Any CPU
		{5BB5D9D9-1FD7-44FD-861B-10354D57AC0A}.Debug|Any CPU.Build.0 = Debug|Any CPU
		{5BB5D9D9-1FD7-44FD-861B-10354D57AC0A}.Release|Any CPU.ActiveCfg = Release|Any CPU
		{5BB5D9D9-1FD7-44FD-861B-10354D57AC0A}.Release|Any CPU.Build.0 = Release|Any CPU
		{70ECB450-B740-4226-A145-F19CE9B73DC9}.Debug|Any CPU.ActiveCfg = Debug|Any CPU
		{70ECB450-B740-4226-A145-F19CE9B73DC9}.Debug|Any CPU.Build.0 = Debug|Any CPU
		{70ECB450-B740-4226-A145-F19CE9B73DC9}.Release|Any CPU.ActiveCfg = Release|Any CPU
		{70ECB450-B740-4226-A145-F19CE9B73DC9}.Release|Any CPU.Build.0 = Release|Any CPU
	EndGlobalSection
	GlobalSection(SolutionProperties) = preSolution
		HideSolutionNode = FALSE
	EndGlobalSection
EndGlobal
